{
  "nodes": {
    "ejs": {
      "flake": false,
      "locked": {
        "lastModified": 1629356731,
        "narHash": "sha256-/37fu0joxsn4XAqw1bFMMOeBwQLBGrAM2PMhnMaXuhI=",
        "owner": "tugawa",
        "repo": "ejs-new",
        "rev": "83727e23069edfdaa52c30dd722b437e6aa85833",
        "type": "github"
      },
      "original": {
        "owner": "tugawa",
        "repo": "ejs-new",
        "type": "github"
      }
    },
    "example1": {
      "inputs": {
        "nixpkgs": [
          "nixpkgs"
        ],
        "utils": [
          "utils"
        ]
      },
      "locked": {
        "dir": "example1",
        "lastModified": 1719806963,
        "narHash": "sha256-+UDh79zEya0Srq378cxIeTBzjlXAbheyA58+6akS9dE=",
        "owner": "stepbrobd",
        "repo": "nixology",
        "rev": "ab2beebe7d9ef5ac522c9dfa300ca9d0e09b5726",
        "type": "github"
      },
      "original": {
        "dir": "example1",
        "owner": "stepbrobd",
        "repo": "nixology",
        "type": "github"
      }
    },
    "example2": {
      "inputs": {
        "nixpkgs": [
          "nixpkgs"
        ],
        "utils": [
          "utils"
        ]
      },
      "locked": {
        "dir": "example2",
        "lastModified": 1719806963,
        "narHash": "sha256-+UDh79zEya0Srq378cxIeTBzjlXAbheyA58+6akS9dE=",
        "owner": "stepbrobd",
        "repo": "nixology",
        "rev": "ab2beebe7d9ef5ac522c9dfa300ca9d0e09b5726",
        "type": "github"
      },
      "original": {
        "dir": "example2",
        "owner": "stepbrobd",
        "repo": "nixology",
        "type": "github"
      }
    },
    "example3": {
      "inputs": {
        "ejs": "ejs",
        "nixpkgs": [
          "nixpkgs"
        ],
        "utils": [
          "utils"
        ]
      },
      "locked": {
        "dir": "example3",
        "lastModified": 1719806963,
        "narHash": "sha256-+UDh79zEya0Srq378cxIeTBzjlXAbheyA58+6akS9dE=",
        "owner": "stepbrobd",
        "repo": "nixology",
        "rev": "ab2beebe7d9ef5ac522c9dfa300ca9d0e09b5726",
        "type": "github"
      },
      "original": {
        "dir": "example3",
        "owner": "stepbrobd",
        "repo": "nixology",
        "type": "github"
      }
    },
    "nixpkgs": {
      "locked": {
        "lastModified": 1719468428,
        "narHash": "sha256-vN5xJAZ4UGREEglh3lfbbkIj+MPEYMuqewMn4atZFaQ=",
        "owner": "nixos",
        "repo": "nixpkgs",
        "rev": "1e3deb3d8a86a870d925760db1a5adecc64d329d",
        "type": "github"
      },
      "original": {
        "owner": "nixos",
        "ref": "nixpkgs-unstable",
        "repo": "nixpkgs",
        "type": "github"
      }
    },
    "root": {
      "inputs": {
        "example1": "example1",
        "example2": "example2",
        "example3": "example3",
        "nixpkgs": "nixpkgs",
        "utils": "utils"
      }
    },
    "systems": {
      "locked": {
        "lastModified": 1681028828,
        "narHash": "sha256-Vy1rq5AaRuLzOxct8nz4T6wlgyUR7zLU309k9mBC768=",
        "owner": "nix-systems",
        "repo": "default",
        "rev": "da67096a3b9bf56a91d16901293e51ba5b49a27e",
        "type": "github"
      },
      "original": {
        "owner": "nix-systems",
        "repo": "default",
        "type": "github"
      }
    },
    "utils": {
      "inputs": {
        "systems": "systems"
      },
      "locked": {
        "lastModified": 1710146030,
        "narHash": "sha256-SZ5L6eA7HJ/nmkzGG7/ISclqe6oZdOZTNoesiInkXPQ=",
        "owner": "numtide",
        "repo": "flake-utils",
        "rev": "b1d9ab70662946ef0850d488da1c9019f3a9752a",
        "type": "github"
      },
      "original": {
        "owner": "numtide",
        "repo": "flake-utils",
        "type": "github"
      }
    }
  },
  "root": "root",
  "version": 7
}
